{
  "name": "@newhomepage/folder-tidy",
  "version": "1.0.5",
  "lockfileVersion": 3,
  "requires": true,
  "packages": {
    "": {
      "name": "@newhomepage/folder-tidy",
      "version": "1.0.5",
      "license": "MIT",
      "bin": {
        "folder-tidy": "index.js"
      },
      "engines": {
        "node": ">=16"
      }
    }
  }
}
